
Microsoft Visual Studio Solution File, Format Version 12.00
# Visual Studio Version 17
VisualStudioVersion = 17.2.32526.322
MinimumVisualStudioVersion = 10.0.40219.1
Project("{FAE04EC0-301F-11D3-BF4B-00C04F79EFBC}") = "Código fonte desafio 2", "Código fonte desafio 2\Código fonte desafio 2.csproj", "{43B11988-F94D-466A-BB14-B58C0F0C2561}"
EndProject
Global
	GlobalSection(SolutionConfigurationPlatforms) = preSolution
		Debug|Any CPU = Debug|Any CPU
		Release|Any CPU = Release|Any CPU
	EndGlobalSection
	GlobalSection(ProjectConfigurationPlatforms) = postSolution
		{43B11988-F94D-466A-BB14-B58C0F0C2561}.Debug|Any CPU.ActiveCfg = Debug|Any CPU
		{43B11988-F94D-466A-BB14-B58C0F0C2561}.Debug|Any CPU.Build.0 = Debug|Any CPU
		{43B11988-F94D-466A-BB14-B58C0F0C2561}.Release|Any CPU.ActiveCfg = Release|Any CPU
		{43B11988-F94D-466A-BB14-B58C0F0C2561}.Release|Any CPU.Build.0 = Release|Any CPU
	EndGlobalSection
	GlobalSection(SolutionProperties) = preSolution
		HideSolutionNode = FALSE
	EndGlobalSection
	GlobalSection(ExtensibilityGlobals) = postSolution
		SolutionGuid = {F0944BEF-CED9-4A89-87BB-0CB4DEBDC3AE}
	EndGlobalSection
EndGlobal
